# THIS IS AN AUTOGENERATED FILE. DO NOT EDIT THIS FILE DIRECTLY.
# yarn lockfile v1


clipboard@^2.0.0:
  version "2.0.6"
  resolved "https://registry.yarnpkg.com/clipboard/-/clipboard-2.0.6.tgz#52921296eec0fdf77ead1749421b21c968647376"
  integrity sha512-g5zbiixBRk/wyKakSwCKd7vQXDjFnAMGHoEyBogG/bw9kTD9GvdAvaoRR1ALcEzt3pVKxZR0pViekPMIS0QyGg==
  dependencies:
    good-listener "^1.2.2"
    select "^1.1.2"
    tiny-emitter "^2.0.0"

delegate@^3.1.2:
  version "3.2.0"
  resolved "https://registry.yarnpkg.com/delegate/-/delegate-3.2.0.tgz#b66b71c3158522e8ab5744f720d8ca0c2af59166"
  integrity sha512-IofjkYBZaZivn0V8nnsMJGBr4jVLxHDheKSW88PyxS5QC4Vo9ZbZVvhzlSxY87fVq3STR6r+4cGepyHkcWOQSw==

good-listener@^1.2.2:
  version "1.2.2"
  resolved "https://registry.yarnpkg.com/good-listener/-/good-listener-1.2.2.tgz#d53b30cdf9313dffb7dc9a0d477096aa6d145c50"
  integrity sha1-1TswzfkxPf+33JoNR3CWqm0UXFA=
  dependencies:
    delegate "^3.1.2"

jump.js@^1.0.2:
  version "1.0.2"
  resolved "https://registry.yarnpkg.com/jump.js/-/jump.js-1.0.2.tgz#e0641b47f40a38f2139c25fda0500bf28e43015a"
  integrity sha1-4GQbR/QKOPITnCX9oFAL8o5DAVo=

loadjs@^3.6.1:
  version "3.6.1"
  resolved "https://registry.yarnpkg.com/loadjs/-/loadjs-3.6.1.tgz#1e756ccd4f4c5ed4988085b330e1b4ad9b6a8340"
  integrity sha512-AZEBw2GWdJk2IzBgQ+Wohoao5j+t0rajqK8dJu8jQqgYxDTxhmCt0ayMo/vCa0ZAMvZxnJcam6uLICfnVd8KAw==

medium-zoom@^1.0.4:
  version "1.0.6"
  resolved "https://registry.yarnpkg.com/medium-zoom/-/medium-zoom-1.0.6.tgz#9247f21ca9313d8bbe9420aca153a410df08d027"
  integrity sha512-UdiUWfvz9fZMg1pzf4dcuqA0W079o0mpqbTnOz5ip4VGYX96QjmbM+OgOU/0uOzAytxC0Ny4z+VcYQnhdifimg==

prismjs@^1.17.1:
  version "1.23.0"
  resolved "https://registry.yarnpkg.com/prismjs/-/prismjs-1.23.0.tgz#d3b3967f7d72440690497652a9d40ff046067f33"
  integrity sha512-c29LVsqOaLbBHuIbsTxaKENh1N2EQBOHaWv7gkHN4dgRbxSREqDnDbtFJYdpPauS4YCplMSNCABQ6Eeor69bAA==
  optionalDependencies:
    clipboard "^2.0.0"

saika@^2.12.5:
  version "2.12.5"
  resolved "https://registry.yarnpkg.com/saika/-/saika-2.12.5.tgz#4575faeff118602bc2ed425095b1dde7da5c44fd"
  integrity sha512-FtWMbb6uVNl35X8B8ihtXP7A8C95Fbrkt144Ids+McNuuQc8FZf3b4Q2FtAOl4gl27C5XxKpFG32y7BxERx/Pw==
  dependencies:
    jump.js "^1.0.2"
    loadjs "^3.6.1"
    medium-zoom "^1.0.4"
    prismjs "^1.17.1"
    vue "^2.6.10"
    vue-router "^3.0.7"
    vuex "^3.1.1"

select@^1.1.2:
  version "1.1.2"
  resolved "https://registry.yarnpkg.com/select/-/select-1.1.2.tgz#0e7350acdec80b1108528786ec1d4418d11b396d"
  integrity sha1-DnNQrN7ICxEIUoeG7B1EGNEbOW0=

tiny-emitter@^2.0.0:
  version "2.1.0"
  resolved "https://registry.yarnpkg.com/tiny-emitter/-/tiny-emitter-2.1.0.tgz#1d1a56edfc51c43e863cbb5382a72330e3555423"
  integrity sha512-NB6Dk1A9xgQPMoGqC5CVXn123gWyte215ONT5Pp5a0yt4nlEoO1ZWeCwpncaekPHXO60i47ihFnZPiRPjRMq4Q==

vue-router@^3.0.7:
  version "3.4.3"
  resolved "https://registry.yarnpkg.com/vue-router/-/vue-router-3.4.3.tgz#fa93768616ee338aa174f160ac965167fa572ffa"
  integrity sha512-BADg1mjGWX18Dpmy6bOGzGNnk7B/ZA0RxuA6qedY/YJwirMfKXIDzcccmHbQI0A6k5PzMdMloc0ElHfyOoX35A==

vue@^2.6.10:
  version "2.6.12"
  resolved "https://registry.yarnpkg.com/vue/-/vue-2.6.12.tgz#f5ebd4fa6bd2869403e29a896aed4904456c9123"
  integrity sha512-uhmLFETqPPNyuLLbsKz6ioJ4q7AZHzD8ZVFNATNyICSZouqP2Sz0rotWQC8UNBF6VGSCs5abnKJoStA6JbCbfg==

vuex@^3.1.1:
  version "3.5.1"
  resolved "https://registry.yarnpkg.com/vuex/-/vuex-3.5.1.tgz#f1b8dcea649bc25254cf4f4358081dbf5da18b3d"
  integrity sha512-w7oJzmHQs0FM9LXodfskhw9wgKBiaB+totOdb8sNzbTB2KDCEEwEs29NzBZFh/lmEK1t5tDmM1vtsO7ubG1DFw==
