# THIS IS AN AUTOGENERATED FILE. DO NOT EDIT THIS FILE DIRECTLY.
# yarn lockfile v1


jump.js@^1.0.2:
  version "1.0.2"
  resolved "https://registry.yarnpkg.com/jump.js/-/jump.js-1.0.2.tgz#e0641b47f40a38f2139c25fda0500bf28e43015a"
  integrity sha1-4GQbR/QKOPITnCX9oFAL8o5DAVo=

loadjs@^3.6.1:
  version "3.6.1"
  resolved "https://registry.yarnpkg.com/loadjs/-/loadjs-3.6.1.tgz#1e756ccd4f4c5ed4988085b330e1b4ad9b6a8340"
  integrity sha512-AZEBw2GWdJk2IzBgQ+Wohoao5j+t0rajqK8dJu8jQqgYxDTxhmCt0ayMo/vCa0ZAMvZxnJcam6uLICfnVd8KAw==

medium-zoom@^1.0.4:
  version "1.0.6"
  resolved "https://registry.yarnpkg.com/medium-zoom/-/medium-zoom-1.0.6.tgz#9247f21ca9313d8bbe9420aca153a410df08d027"
  integrity sha512-UdiUWfvz9fZMg1pzf4dcuqA0W079o0mpqbTnOz5ip4VGYX96QjmbM+OgOU/0uOzAytxC0Ny4z+VcYQnhdifimg==

prismjs@^1.17.1:
  version "1.27.0"
  resolved "https://registry.yarnpkg.com/prismjs/-/prismjs-1.27.0.tgz#bb6ee3138a0b438a3653dd4d6ce0cc6510a45057"
  integrity sha512-t13BGPUlFDR7wRB5kQDG4jjl7XeuH6jbJGt11JHPL96qwsEHNX2+68tFXqc1/k+/jALsbSWJKUOT/hcYAZ5LkA==

saika@^2.12.5:
  version "2.12.5"
  resolved "https://registry.yarnpkg.com/saika/-/saika-2.12.5.tgz#4575faeff118602bc2ed425095b1dde7da5c44fd"
  integrity sha512-FtWMbb6uVNl35X8B8ihtXP7A8C95Fbrkt144Ids+McNuuQc8FZf3b4Q2FtAOl4gl27C5XxKpFG32y7BxERx/Pw==
  dependencies:
    jump.js "^1.0.2"
    loadjs "^3.6.1"
    medium-zoom "^1.0.4"
    prismjs "^1.17.1"
    vue "^2.6.10"
    vue-router "^3.0.7"
    vuex "^3.1.1"

vue-router@^3.0.7:
  version "3.4.3"
  resolved "https://registry.yarnpkg.com/vue-router/-/vue-router-3.4.3.tgz#fa93768616ee338aa174f160ac965167fa572ffa"
  integrity sha512-BADg1mjGWX18Dpmy6bOGzGNnk7B/ZA0RxuA6qedY/YJwirMfKXIDzcccmHbQI0A6k5PzMdMloc0ElHfyOoX35A==

vue@^2.6.10:
  version "2.6.12"
  resolved "https://registry.yarnpkg.com/vue/-/vue-2.6.12.tgz#f5ebd4fa6bd2869403e29a896aed4904456c9123"
  integrity sha512-uhmLFETqPPNyuLLbsKz6ioJ4q7AZHzD8ZVFNATNyICSZouqP2Sz0rotWQC8UNBF6VGSCs5abnKJoStA6JbCbfg==

vuex@^3.1.1:
  version "3.5.1"
  resolved "https://registry.yarnpkg.com/vuex/-/vuex-3.5.1.tgz#f1b8dcea649bc25254cf4f4358081dbf5da18b3d"
  integrity sha512-w7oJzmHQs0FM9LXodfskhw9wgKBiaB+totOdb8sNzbTB2KDCEEwEs29NzBZFh/lmEK1t5tDmM1vtsO7ubG1DFw==
